# This file is autogenerated, do not edit; changes may be undone by the next 'dep ensure'.


[[projects]]
  digest = "1:d29ee5ef14a7e0253facd0bcebe6a69a7a4e02a67eb24d2aacd8ccb4a7cea6fc"
  name = "github.com/gobuffalo/envy"
  packages = ["."]
  pruneopts = "UT"
  revision = "043cb4b8af871b49563291e32c66bb84378a60ac"
  version = "v1.7.0"

[[projects]]
  digest = "1:40849e8495ef81a84ff335ef65e23d33671b61e60e9db464fbab55f19f43f120"
  name = "github.com/gobuffalo/packd"
  packages = [
    ".",
    "internal/takeon/github.com/markbates/errx",
  ]
  pruneopts = "UT"
  revision = "54ea459691466cfb630ccc276723fe3963f3e9d5"
  version = "v0.3.0"

[[projects]]
  digest = "1:6418b861412b06885ed9981efdc740bc5f025c55b7bfb66518929916ea8f5cb3"
  name = "github.com/gobuffalo/packr"
  packages = ["."]
  pruneopts = "UT"
  revision = "9eb7a3d310e89e471c2cdf1ea3ec8d7fc1ab969c"
  version = "v2.5.2"

[[projects]]
  digest = "1:a2cff208d4759f6ba1b1cd228587b0a1869f95f22542ec9cd17fff64430113c7"
  name = "github.com/jessevdk/go-flags"
  packages = ["."]
  pruneopts = "UT"
  revision = "c6ca198ec95c841fdb89fc0de7496fed11ab854e"
  version = "v1.4.0"

[[projects]]
  digest = "1:ecd9aa82687cf31d1585d4ac61d0ba180e42e8a6182b85bd785fcca8dfeefc1b"
  name = "github.com/joho/godotenv"
  packages = ["."]
  pruneopts = "UT"
  revision = "23d116af351c84513e1946b527c88823e476be13"
  version = "v1.3.0"

[[projects]]
  digest = "1:e09ada96a5a41deda4748b1659cc8953961799e798aea557257b56baee4ecaf3"
  name = "github.com/rogpeppe/go-internal"
  packages = [
    "modfile",
    "module",
    "semver",
  ]
  pruneopts = "UT"
  revision = "438578804ca6f31be148c27683afc419ce47c06e"
  version = "v1.3.0"

[solve-meta]
  analyzer-name = "dep"
  analyzer-version = 1
  input-imports = [
    "github.com/gobuffalo/packr",
    "github.com/jessevdk/go-flags",
  ]
  solver-name = "gps-cdcl"
  solver-version = 1
